
Microsoft Visual Studio Solution File, Format Version 12.00
# Visual Studio Version 17
VisualStudioVersion = 17.3.32901.215
MinimumVisualStudioVersion = 10.0.40219.1
Project("{9A19103F-16F7-4668-BE54-9A1E7A4F7556}") = "Host", "Host\Host.csproj", "{F375F59D-32D5-4A0B-BDDA-AAA10969DFF7}"
EndProject
Project("{9A19103F-16F7-4668-BE54-9A1E7A4F7556}") = "DataAccess", "DataAccess\DataAccess.csproj", "{D244D374-C6E6-4850-82BA-7A89FA376D4A}"
EndProject
Project("{9A19103F-16F7-4668-BE54-9A1E7A4F7556}") = "Core", "Core\Core.csproj", "{5C88E3FC-5619-475A-AEDF-619CCBE69444}"
EndProject
Project("{9A19103F-16F7-4668-BE54-9A1E7A4F7556}") = "Application", "Application\Application.csproj", "{8D83E10F-35C0-4F40-A206-184B124EC477}"
EndProject
Project("{9A19103F-16F7-4668-BE54-9A1E7A4F7556}") = "WebApi", "WebApi\WebApi.csproj", "{7733D8BE-B4B7-4AE4-8AAC-3BF179FF4650}"
EndProject
Project("{FAE04EC0-301F-11D3-BF4B-00C04F79EFBC}") = "DatabaseBenchmark", "DatabaseBenchmark\DatabaseBenchmark.csproj", "{4ADAAF7D-1EC7-40DE-83AF-9B6CFF85E555}"
EndProject
Global
	GlobalSection(SolutionConfigurationPlatforms) = preSolution
		Debug|Any CPU = Debug|Any CPU
		Release|Any CPU = Release|Any CPU
	EndGlobalSection
	GlobalSection(ProjectConfigurationPlatforms) = postSolution
		{F375F59D-32D5-4A0B-BDDA-AAA10969DFF7}.Debug|Any CPU.ActiveCfg = Debug|Any CPU
		{F375F59D-32D5-4A0B-BDDA-AAA10969DFF7}.Debug|Any CPU.Build.0 = Debug|Any CPU
		{F375F59D-32D5-4A0B-BDDA-AAA10969DFF7}.Release|Any CPU.ActiveCfg = Release|Any CPU
		{F375F59D-32D5-4A0B-BDDA-AAA10969DFF7}.Release|Any CPU.Build.0 = Release|Any CPU
		{D244D374-C6E6-4850-82BA-7A89FA376D4A}.Debug|Any CPU.ActiveCfg = Debug|Any CPU
		{D244D374-C6E6-4850-82BA-7A89FA376D4A}.Debug|Any CPU.Build.0 = Debug|Any CPU
		{D244D374-C6E6-4850-82BA-7A89FA376D4A}.Release|Any CPU.ActiveCfg = Release|Any CPU
		{D244D374-C6E6-4850-82BA-7A89FA376D4A}.Release|Any CPU.Build.0 = Release|Any CPU
		{5C88E3FC-5619-475A-AEDF-619CCBE69444}.Debug|Any CPU.ActiveCfg = Debug|Any CPU
		{5C88E3FC-5619-475A-AEDF-619CCBE69444}.Debug|Any CPU.Build.0 = Debug|Any CPU
		{5C88E3FC-5619-475A-AEDF-619CCBE69444}.Release|Any CPU.ActiveCfg = Release|Any CPU
		{5C88E3FC-5619-475A-AEDF-619CCBE69444}.Release|Any CPU.Build.0 = Release|Any CPU
		{8D83E10F-35C0-4F40-A206-184B124EC477}.Debug|Any CPU.ActiveCfg = Debug|Any CPU
		{8D83E10F-35C0-4F40-A206-184B124EC477}.Debug|Any CPU.Build.0 = Debug|Any CPU
		{8D83E10F-35C0-4F40-A206-184B124EC477}.Release|Any CPU.ActiveCfg = Release|Any CPU
		{8D83E10F-35C0-4F40-A206-184B124EC477}.Release|Any CPU.Build.0 = Release|Any CPU
		{7733D8BE-B4B7-4AE4-8AAC-3BF179FF4650}.Debug|Any CPU.ActiveCfg = Debug|Any CPU
		{7733D8BE-B4B7-4AE4-8AAC-3BF179FF4650}.Debug|Any CPU.Build.0 = Debug|Any CPU
		{7733D8BE-B4B7-4AE4-8AAC-3BF179FF4650}.Release|Any CPU.ActiveCfg = Release|Any CPU
		{7733D8BE-B4B7-4AE4-8AAC-3BF179FF4650}.Release|Any CPU.Build.0 = Release|Any CPU
		{4ADAAF7D-1EC7-40DE-83AF-9B6CFF85E555}.Debug|Any CPU.ActiveCfg = Debug|Any CPU
		{4ADAAF7D-1EC7-40DE-83AF-9B6CFF85E555}.Debug|Any CPU.Build.0 = Debug|Any CPU
		{4ADAAF7D-1EC7-40DE-83AF-9B6CFF85E555}.Release|Any CPU.ActiveCfg = Release|Any CPU
		{4ADAAF7D-1EC7-40DE-83AF-9B6CFF85E555}.Release|Any CPU.Build.0 = Release|Any CPU
	EndGlobalSection
	GlobalSection(SolutionProperties) = preSolution
		HideSolutionNode = FALSE
	EndGlobalSection
	GlobalSection(ExtensibilityGlobals) = postSolution
		SolutionGuid = {3865C797-A815-4C12-8FF5-5494A25156FA}
	EndGlobalSection
EndGlobal
